
Microsoft Visual Studio Solution File, Format Version 12.00
# Visual Studio 2013
VisualStudioVersion = 12.0.30723.0
MinimumVisualStudioVersion = 10.0.40219.1
Project("{9092AA53-FB77-4645-B42D-1CCCA6BD08BD}") = "WebApp", "WebApp\WebApp.njsproj", "{EBC529F6-E72C-4B96-9A94-F51721989D5F}"
EndProject
Global
	GlobalSection(SolutionConfigurationPlatforms) = preSolution
		Debug|Any CPU = Debug|Any CPU
		Release|Any CPU = Release|Any CPU
	EndGlobalSection
	GlobalSection(ProjectConfigurationPlatforms) = postSolution
		{EBC529F6-E72C-4B96-9A94-F51721989D5F}.Debug|Any CPU.ActiveCfg = Debug|Any CPU
		{EBC529F6-E72C-4B96-9A94-F51721989D5F}.Debug|Any CPU.Build.0 = Debug|Any CPU
		{EBC529F6-E72C-4B96-9A94-F51721989D5F}.Release|Any CPU.ActiveCfg = Release|Any CPU
		{EBC529F6-E72C-4B96-9A94-F51721989D5F}.Release|Any CPU.Build.0 = Release|Any CPU
	EndGlobalSection
	GlobalSection(SolutionProperties) = preSolution
		HideSolutionNode = FALSE
	EndGlobalSection
EndGlobal
